
Microsoft Visual Studio Solution File, Format Version 12.00
# Visual Studio Version 16
VisualStudioVersion = 16.0.30114.105
MinimumVisualStudioVersion = 10.0.40219.1
Project("{F2A71F9B-5D33-465A-A702-920D77279786}") = "Fei.Backend.Main", "Fei.Backend.Main\Fei.Backend.Main.fsproj", "{D4183C70-F66B-4D8F-BE8F-282130D487AF}"
EndProject
Project("{F2A71F9B-5D33-465A-A702-920D77279786}") = "Fei.Backend.Tests", "Fei.Backend.Tests\Fei.Backend.Tests.fsproj", "{4F9B8941-3FEC-42D3-B8A8-776F2675C1C7}"
EndProject
Project("{F2A71F9B-5D33-465A-A702-920D77279786}") = "Fei.ConstableConfig.Main", "Fei.ConstableConfig.Main\Fei.ConstableConfig.Main.fsproj", "{ED3F92B4-DD0B-44D7-8DE1-D604C5845EF8}"
EndProject
Project("{F2A71F9B-5D33-465A-A702-920D77279786}") = "Fei.ConstableConfig.Tests", "Fei.ConstableConfig.Tests\Fei.ConstableConfig.Tests.fsproj", "{5249A566-0695-448F-95CB-8B28EDD1EBA9}"
EndProject
Global
	GlobalSection(SolutionConfigurationPlatforms) = preSolution
		Debug|Any CPU = Debug|Any CPU
		Release|Any CPU = Release|Any CPU
	EndGlobalSection
	GlobalSection(SolutionProperties) = preSolution
		HideSolutionNode = FALSE
	EndGlobalSection
	GlobalSection(ProjectConfigurationPlatforms) = postSolution
		{D4183C70-F66B-4D8F-BE8F-282130D487AF}.Debug|Any CPU.ActiveCfg = Debug|Any CPU
		{D4183C70-F66B-4D8F-BE8F-282130D487AF}.Debug|Any CPU.Build.0 = Debug|Any CPU
		{D4183C70-F66B-4D8F-BE8F-282130D487AF}.Release|Any CPU.ActiveCfg = Release|Any CPU
		{D4183C70-F66B-4D8F-BE8F-282130D487AF}.Release|Any CPU.Build.0 = Release|Any CPU
		{4F9B8941-3FEC-42D3-B8A8-776F2675C1C7}.Debug|Any CPU.ActiveCfg = Debug|Any CPU
		{4F9B8941-3FEC-42D3-B8A8-776F2675C1C7}.Debug|Any CPU.Build.0 = Debug|Any CPU
		{4F9B8941-3FEC-42D3-B8A8-776F2675C1C7}.Release|Any CPU.ActiveCfg = Release|Any CPU
		{4F9B8941-3FEC-42D3-B8A8-776F2675C1C7}.Release|Any CPU.Build.0 = Release|Any CPU
		{ED3F92B4-DD0B-44D7-8DE1-D604C5845EF8}.Debug|Any CPU.ActiveCfg = Debug|Any CPU
		{ED3F92B4-DD0B-44D7-8DE1-D604C5845EF8}.Debug|Any CPU.Build.0 = Debug|Any CPU
		{ED3F92B4-DD0B-44D7-8DE1-D604C5845EF8}.Release|Any CPU.ActiveCfg = Release|Any CPU
		{ED3F92B4-DD0B-44D7-8DE1-D604C5845EF8}.Release|Any CPU.Build.0 = Release|Any CPU
		{5249A566-0695-448F-95CB-8B28EDD1EBA9}.Debug|Any CPU.ActiveCfg = Debug|Any CPU
		{5249A566-0695-448F-95CB-8B28EDD1EBA9}.Debug|Any CPU.Build.0 = Debug|Any CPU
		{5249A566-0695-448F-95CB-8B28EDD1EBA9}.Release|Any CPU.ActiveCfg = Release|Any CPU
		{5249A566-0695-448F-95CB-8B28EDD1EBA9}.Release|Any CPU.Build.0 = Release|Any CPU
	EndGlobalSection
EndGlobal
